
Microsoft Visual Studio Solution File, Format Version 12.00
# Visual Studio Version 16
VisualStudioVersion = 16.0.32901.82
MinimumVisualStudioVersion = 10.0.40219.1
Project("{FAE04EC0-301F-11D3-BF4B-00C04F79EFBC}") = "FE.API", "FE.API\FE.API.csproj", "{0C199FA4-1D37-4B98-9385-14D32ED2AFBE}"
EndProject
Project("{FAE04EC0-301F-11D3-BF4B-00C04F79EFBC}") = "FE.API.Tests", "FE.API.Tests\FE.API.Tests.csproj", "{5166C316-9667-4855-9B3C-FFF10182E1A3}"
EndProject
Global
	GlobalSection(SolutionConfigurationPlatforms) = preSolution
		Debug|Any CPU = Debug|Any CPU
		Release|Any CPU = Release|Any CPU
	EndGlobalSection
	GlobalSection(ProjectConfigurationPlatforms) = postSolution
		{0C199FA4-1D37-4B98-9385-14D32ED2AFBE}.Debug|Any CPU.ActiveCfg = Debug|Any CPU
		{0C199FA4-1D37-4B98-9385-14D32ED2AFBE}.Debug|Any CPU.Build.0 = Debug|Any CPU
		{0C199FA4-1D37-4B98-9385-14D32ED2AFBE}.Release|Any CPU.ActiveCfg = Release|Any CPU
		{0C199FA4-1D37-4B98-9385-14D32ED2AFBE}.Release|Any CPU.Build.0 = Release|Any CPU
		{5166C316-9667-4855-9B3C-FFF10182E1A3}.Debug|Any CPU.ActiveCfg = Debug|Any CPU
		{5166C316-9667-4855-9B3C-FFF10182E1A3}.Debug|Any CPU.Build.0 = Debug|Any CPU
		{5166C316-9667-4855-9B3C-FFF10182E1A3}.Release|Any CPU.ActiveCfg = Release|Any CPU
		{5166C316-9667-4855-9B3C-FFF10182E1A3}.Release|Any CPU.Build.0 = Release|Any CPU
	EndGlobalSection
	GlobalSection(SolutionProperties) = preSolution
		HideSolutionNode = FALSE
	EndGlobalSection
	GlobalSection(ExtensibilityGlobals) = postSolution
		SolutionGuid = {5D1A4481-8470-4D8E-8376-E1F19E3112D4}
	EndGlobalSection
EndGlobal
